// !$*UTF8*$!
{
	archiveVersion = 1;
	classes = {
	};
	objectVersion = 52;
	objects = {

/* Begin PBXBuildFile section */
		7A10B25E235C79B1004FF3B0 /* AppDelegate.swift in Sources */ = {isa = PBXBuildFile; fileRef = 7A10B25D235C79B1004FF3B0 /* AppDelegate.swift */; };
		7A10B260235C79B1004FF3B0 /* SceneDelegate.swift in Sources */ = {isa = PBXBuildFile; fileRef = 7A10B25F235C79B1004FF3B0 /* SceneDelegate.swift */; };
		7A10B262235C79B1004FF3B0 /* HomeViewController.swift in Sources */ = {isa = PBXBuildFile; fileRef = 7A10B261235C79B1004FF3B0 /* HomeViewController.swift */; };
		7A10B265235C79B1004FF3B0 /* Main.storyboard in Resources */ = {isa = PBXBuildFile; fileRef = 7A10B263235C79B1004FF3B0 /* Main.storyboard */; };
		7A10B267235C79B4004FF3B0 /* Assets.xcassets in Resources */ = {isa = PBXBuildFile; fileRef = 7A10B266235C79B4004FF3B0 /* Assets.xcassets */; };
		7A10B26A235C79B4004FF3B0 /* LaunchScreen.storyboard in Resources */ = {isa = PBXBuildFile; fileRef = 7A10B268235C79B4004FF3B0 /* LaunchScreen.storyboard */; };
		7A10B275235C79B4004FF3B0 /* CrossReduxSOATests.swift in Sources */ = {isa = PBXBuildFile; fileRef = 7A10B274235C79B4004FF3B0 /* CrossReduxSOATests.swift */; };
		7A10B280235C79B4004FF3B0 /* CrossReduxSOAUITests.swift in Sources */ = {isa = PBXBuildFile; fileRef = 7A10B27F235C79B4004FF3B0 /* CrossReduxSOAUITests.swift */; };
		7A10B28E235C7AB3004FF3B0 /* HomeView.swift in Sources */ = {isa = PBXBuildFile; fileRef = 7A10B28D235C7AB3004FF3B0 /* HomeView.swift */; };
		7A297889235DEC6700B9619F /* ApiModule.framework in Frameworks */ = {isa = PBXBuildFile; fileRef = 7A297888235DEC6700B9619F /* ApiModule.framework */; };
		7A29788B235DEC6700B9619F /* Common.framework in Frameworks */ = {isa = PBXBuildFile; fileRef = 7A29788A235DEC6700B9619F /* Common.framework */; };
		7A29788D235DEC6700B9619F /* CrossReduxSOA_ApiModule.framework in Frameworks */ = {isa = PBXBuildFile; fileRef = 7A29788C235DEC6700B9619F /* CrossReduxSOA_ApiModule.framework */; };
		7A29788F235DEC6700B9619F /* CrossReduxSOA_Models.framework in Frameworks */ = {isa = PBXBuildFile; fileRef = 7A29788E235DEC6700B9619F /* CrossReduxSOA_Models.framework */; };
		7A297891235DEC6700B9619F /* CrossReduxSOA_Reducers.framework in Frameworks */ = {isa = PBXBuildFile; fileRef = 7A297890235DEC6700B9619F /* CrossReduxSOA_Reducers.framework */; };
		7A297893235DEC6700B9619F /* CrossReduxSOA_ReduxStores.framework in Frameworks */ = {isa = PBXBuildFile; fileRef = 7A297892235DEC6700B9619F /* CrossReduxSOA_ReduxStores.framework */; };
		7A297895235DEC6700B9619F /* Redux.framework in Frameworks */ = {isa = PBXBuildFile; fileRef = 7A297894235DEC6700B9619F /* Redux.framework */; };
		7A36B1AE235C85280020B75F /* SharedHomeContent.swift in Sources */ = {isa = PBXBuildFile; fileRef = 7A36B1AD235C85280020B75F /* SharedHomeContent.swift */; };
		7A36B1B3235C86AB0020B75F /* RxBlocking in Frameworks */ = {isa = PBXBuildFile; productRef = 7A36B1B2235C86AB0020B75F /* RxBlocking */; };
		7A36B1B5235C86AB0020B75F /* RxTest in Frameworks */ = {isa = PBXBuildFile; productRef = 7A36B1B4235C86AB0020B75F /* RxTest */; };
		7A36B1B7235C86B00020B75F /* RxBlocking in Frameworks */ = {isa = PBXBuildFile; productRef = 7A36B1B6235C86B00020B75F /* RxBlocking */; };
		7A36B1B9235C86B00020B75F /* RxTest in Frameworks */ = {isa = PBXBuildFile; productRef = 7A36B1B8235C86B00020B75F /* RxTest */; };
		7A36B1BB235C86B60020B75F /* RxCocoa in Frameworks */ = {isa = PBXBuildFile; productRef = 7A36B1BA235C86B60020B75F /* RxCocoa */; };
		7A36B1BD235C86B60020B75F /* RxSwift in Frameworks */ = {isa = PBXBuildFile; productRef = 7A36B1BC235C86B60020B75F /* RxSwift */; };
		7A36B1BF235C86BB0020B75F /* RxSwift in Frameworks */ = {isa = PBXBuildFile; productRef = 7A36B1BE235C86BB0020B75F /* RxSwift */; };
		7A46606D235E78C900EEE552 /* CrossReduxSOA_Services.framework in Frameworks */ = {isa = PBXBuildFile; fileRef = 7A46606C235E78C900EEE552 /* CrossReduxSOA_Services.framework */; };
		7AE6C530235C8BB5009B2D78 /* Localizable.strings in Resources */ = {isa = PBXBuildFile; fileRef = 7AE6C532235C8BB5009B2D78 /* Localizable.strings */; };
/* End PBXBuildFile section */

/* Begin PBXContainerItemProxy section */
		7A10B271235C79B4004FF3B0 /* PBXContainerItemProxy */ = {
			isa = PBXContainerItemProxy;
			containerPortal = 7A10B252235C79B1004FF3B0 /* Project object */;
			proxyType = 1;
			remoteGlobalIDString = 7A10B259235C79B1004FF3B0;
			remoteInfo = CrossReduxSOA;
		};
		7A10B27C235C79B4004FF3B0 /* PBXContainerItemProxy */ = {
			isa = PBXContainerItemProxy;
			containerPortal = 7A10B252235C79B1004FF3B0 /* Project object */;
			proxyType = 1;
			remoteGlobalIDString = 7A10B259235C79B1004FF3B0;
			remoteInfo = CrossReduxSOA;
		};
/* End PBXContainerItemProxy section */

/* Begin PBXFileReference section */
		7A10B25A235C79B1004FF3B0 /* CrossReduxSOA.UI.app */ = {isa = PBXFileReference; explicitFileType = wrapper.application; includeInIndex = 0; path = CrossReduxSOA.UI.app; sourceTree = BUILT_PRODUCTS_DIR; };
		7A10B25D235C79B1004FF3B0 /* AppDelegate.swift */ = {isa = PBXFileReference; lastKnownFileType = sourcecode.swift; path = AppDelegate.swift; sourceTree = "<group>"; };
		7A10B25F235C79B1004FF3B0 /* SceneDelegate.swift */ = {isa = PBXFileReference; lastKnownFileType = sourcecode.swift; path = SceneDelegate.swift; sourceTree = "<group>"; };
		7A10B261235C79B1004FF3B0 /* HomeViewController.swift */ = {isa = PBXFileReference; lastKnownFileType = sourcecode.swift; path = HomeViewController.swift; sourceTree = "<group>"; };
		7A10B264235C79B1004FF3B0 /* Base */ = {isa = PBXFileReference; lastKnownFileType = file.storyboard; name = Base; path = Base.lproj/Main.storyboard; sourceTree = "<group>"; };
		7A10B266235C79B4004FF3B0 /* Assets.xcassets */ = {isa = PBXFileReference; lastKnownFileType = folder.assetcatalog; path = Assets.xcassets; sourceTree = "<group>"; };
		7A10B269235C79B4004FF3B0 /* Base */ = {isa = PBXFileReference; lastKnownFileType = file.storyboard; name = Base; path = Base.lproj/LaunchScreen.storyboard; sourceTree = "<group>"; };
		7A10B26B235C79B4004FF3B0 /* Info.plist */ = {isa = PBXFileReference; lastKnownFileType = text.plist.xml; path = Info.plist; sourceTree = "<group>"; };
		7A10B270235C79B4004FF3B0 /* CrossReduxSOA.UITests.xctest */ = {isa = PBXFileReference; explicitFileType = wrapper.cfbundle; includeInIndex = 0; path = CrossReduxSOA.UITests.xctest; sourceTree = BUILT_PRODUCTS_DIR; };
		7A10B274235C79B4004FF3B0 /* CrossReduxSOATests.swift */ = {isa = PBXFileReference; lastKnownFileType = sourcecode.swift; path = CrossReduxSOATests.swift; sourceTree = "<group>"; };
		7A10B276235C79B4004FF3B0 /* Info.plist */ = {isa = PBXFileReference; lastKnownFileType = text.plist.xml; path = Info.plist; sourceTree = "<group>"; };
		7A10B27B235C79B4004FF3B0 /* CrossReduxSOA.UIUITests.xctest */ = {isa = PBXFileReference; explicitFileType = wrapper.cfbundle; includeInIndex = 0; path = CrossReduxSOA.UIUITests.xctest; sourceTree = BUILT_PRODUCTS_DIR; };
		7A10B27F235C79B4004FF3B0 /* CrossReduxSOAUITests.swift */ = {isa = PBXFileReference; lastKnownFileType = sourcecode.swift; path = CrossReduxSOAUITests.swift; sourceTree = "<group>"; };
		7A10B281235C79B4004FF3B0 /* Info.plist */ = {isa = PBXFileReference; lastKnownFileType = text.plist.xml; path = Info.plist; sourceTree = "<group>"; };
		7A10B28D235C7AB3004FF3B0 /* HomeView.swift */ = {isa = PBXFileReference; lastKnownFileType = sourcecode.swift; path = HomeView.swift; sourceTree = "<group>"; };
		7A297888235DEC6700B9619F /* ApiModule.framework */ = {isa = PBXFileReference; explicitFileType = wrapper.framework; path = ApiModule.framework; sourceTree = BUILT_PRODUCTS_DIR; };
		7A29788A235DEC6700B9619F /* Common.framework */ = {isa = PBXFileReference; explicitFileType = wrapper.framework; path = Common.framework; sourceTree = BUILT_PRODUCTS_DIR; };
		7A29788C235DEC6700B9619F /* CrossReduxSOA_ApiModule.framework */ = {isa = PBXFileReference; explicitFileType = wrapper.framework; path = CrossReduxSOA_ApiModule.framework; sourceTree = BUILT_PRODUCTS_DIR; };
		7A29788E235DEC6700B9619F /* CrossReduxSOA_Models.framework */ = {isa = PBXFileReference; explicitFileType = wrapper.framework; path = CrossReduxSOA_Models.framework; sourceTree = BUILT_PRODUCTS_DIR; };
		7A297890235DEC6700B9619F /* CrossReduxSOA_Reducers.framework */ = {isa = PBXFileReference; explicitFileType = wrapper.framework; path = CrossReduxSOA_Reducers.framework; sourceTree = BUILT_PRODUCTS_DIR; };
		7A297892235DEC6700B9619F /* CrossReduxSOA_ReduxStores.framework */ = {isa = PBXFileReference; explicitFileType = wrapper.framework; path = CrossReduxSOA_ReduxStores.framework; sourceTree = BUILT_PRODUCTS_DIR; };
		7A297894235DEC6700B9619F /* Redux.framework */ = {isa = PBXFileReference; explicitFileType = wrapper.framework; path = Redux.framework; sourceTree = BUILT_PRODUCTS_DIR; };
		7A2DC0F5235D53AC007444E7 /* Common.framework */ = {isa = PBXFileReference; explicitFileType = wrapper.framework; path = Common.framework; sourceTree = BUILT_PRODUCTS_DIR; };
		7A2DC0F7235D53AC007444E7 /* Redux.framework */ = {isa = PBXFileReference; explicitFileType = wrapper.framework; path = Redux.framework; sourceTree = BUILT_PRODUCTS_DIR; };
		7A36B1AD235C85280020B75F /* SharedHomeContent.swift */ = {isa = PBXFileReference; lastKnownFileType = sourcecode.swift; path = SharedHomeContent.swift; sourceTree = "<group>"; };
		7A46606C235E78C900EEE552 /* CrossReduxSOA_Services.framework */ = {isa = PBXFileReference; explicitFileType = wrapper.framework; path = CrossReduxSOA_Services.framework; sourceTree = BUILT_PRODUCTS_DIR; };
		7AE6C531235C8BB5009B2D78 /* en */ = {isa = PBXFileReference; lastKnownFileType = text.plist.strings; name = en; path = en.lproj/Localizable.strings; sourceTree = "<group>"; };
		7AE6C533235C8BBE009B2D78 /* ro */ = {isa = PBXFileReference; lastKnownFileType = text.plist.strings; name = ro; path = ro.lproj/Localizable.strings; sourceTree = "<group>"; };
/* End PBXFileReference section */

/* Begin PBXFrameworksBuildPhase section */
		7A10B257235C79B1004FF3B0 /* Frameworks */ = {
			isa = PBXFrameworksBuildPhase;
			buildActionMask = 2147483647;
			files = (
				7A46606D235E78C900EEE552 /* CrossReduxSOA_Services.framework in Frameworks */,
				7A297889235DEC6700B9619F /* ApiModule.framework in Frameworks */,
				7A29788B235DEC6700B9619F /* Common.framework in Frameworks */,
				7A29788D235DEC6700B9619F /* CrossReduxSOA_ApiModule.framework in Frameworks */,
				7A29788F235DEC6700B9619F /* CrossReduxSOA_Models.framework in Frameworks */,
				7A297891235DEC6700B9619F /* CrossReduxSOA_Reducers.framework in Frameworks */,
				7A297893235DEC6700B9619F /* CrossReduxSOA_ReduxStores.framework in Frameworks */,
				7A297895235DEC6700B9619F /* Redux.framework in Frameworks */,
			);
			runOnlyForDeploymentPostprocessing = 0;
		};
		7A10B26D235C79B4004FF3B0 /* Frameworks */ = {
			isa = PBXFrameworksBuildPhase;
			buildActionMask = 2147483647;
			files = (
				7A36B1BF235C86BB0020B75F /* RxSwift in Frameworks */,
				7A36B1B5235C86AB0020B75F /* RxTest in Frameworks */,
				7A36B1B3235C86AB0020B75F /* RxBlocking in Frameworks */,
			);
			runOnlyForDeploymentPostprocessing = 0;
		};
		7A10B278235C79B4004FF3B0 /* Frameworks */ = {
			isa = PBXFrameworksBuildPhase;
			buildActionMask = 2147483647;
			files = (
				7A36B1BB235C86B60020B75F /* RxCocoa in Frameworks */,
				7A36B1B9235C86B00020B75F /* RxTest in Frameworks */,
				7A36B1BD235C86B60020B75F /* RxSwift in Frameworks */,
				7A36B1B7235C86B00020B75F /* RxBlocking in Frameworks */,
			);
			runOnlyForDeploymentPostprocessing = 0;
		};
/* End PBXFrameworksBuildPhase section */

/* Begin PBXGroup section */
		7A10B251235C79B1004FF3B0 = {
			isa = PBXGroup;
			children = (
				7A10B25C235C79B1004FF3B0 /* CrossReduxSOA.UI */,
				7A10B273235C79B4004FF3B0 /* CrossReduxSOATests */,
				7A10B27E235C79B4004FF3B0 /* CrossReduxSOAUITests */,
				7A10B25B235C79B1004FF3B0 /* Products */,
				7A36B1B1235C86AB0020B75F /* Frameworks */,
			);
			sourceTree = "<group>";
		};
		7A10B25B235C79B1004FF3B0 /* Products */ = {
			isa = PBXGroup;
			children = (
				7A10B25A235C79B1004FF3B0 /* CrossReduxSOA.UI.app */,
				7A10B270235C79B4004FF3B0 /* CrossReduxSOA.UITests.xctest */,
				7A10B27B235C79B4004FF3B0 /* CrossReduxSOA.UIUITests.xctest */,
			);
			name = Products;
			sourceTree = "<group>";
		};
		7A10B25C235C79B1004FF3B0 /* CrossReduxSOA.UI */ = {
			isa = PBXGroup;
			children = (
				7A36B1AF235C85510020B75F /* UI */,
				7AE6C52F235C8B4F009B2D78 /* Supporting Files */,
				7A10B26B235C79B4004FF3B0 /* Info.plist */,
			);
			path = CrossReduxSOA.UI;
			sourceTree = "<group>";
		};
		7A10B273235C79B4004FF3B0 /* CrossReduxSOATests */ = {
			isa = PBXGroup;
			children = (
				7A10B274235C79B4004FF3B0 /* CrossReduxSOATests.swift */,
				7A10B276235C79B4004FF3B0 /* Info.plist */,
			);
			path = CrossReduxSOATests;
			sourceTree = "<group>";
		};
		7A10B27E235C79B4004FF3B0 /* CrossReduxSOAUITests */ = {
			isa = PBXGroup;
			children = (
				7A10B27F235C79B4004FF3B0 /* CrossReduxSOAUITests.swift */,
				7A10B281235C79B4004FF3B0 /* Info.plist */,
			);
			path = CrossReduxSOAUITests;
			sourceTree = "<group>";
		};
		7A10B28F235C7EBB004FF3B0 /* UIKit */ = {
			isa = PBXGroup;
			children = (
				7A10B261235C79B1004FF3B0 /* HomeViewController.swift */,
				7A10B263235C79B1004FF3B0 /* Main.storyboard */,
			);
			path = UIKit;
			sourceTree = "<group>";
		};
		7A10B290235C7EC2004FF3B0 /* SwiftUI */ = {
			isa = PBXGroup;
			children = (
				7A10B28D235C7AB3004FF3B0 /* HomeView.swift */,
			);
			path = SwiftUI;
			sourceTree = "<group>";
		};
		7A36B1AF235C85510020B75F /* UI */ = {
			isa = PBXGroup;
			children = (
				7A10B268235C79B4004FF3B0 /* LaunchScreen.storyboard */,
				7A36B1B0235C85550020B75F /* Shared */,
				7A10B290235C7EC2004FF3B0 /* SwiftUI */,
				7A10B28F235C7EBB004FF3B0 /* UIKit */,
			);
			path = UI;
			sourceTree = "<group>";
		};
		7A36B1B0235C85550020B75F /* Shared */ = {
			isa = PBXGroup;
			children = (
				7A36B1AD235C85280020B75F /* SharedHomeContent.swift */,
			);
			path = Shared;
			sourceTree = "<group>";
		};
		7A36B1B1235C86AB0020B75F /* Frameworks */ = {
			isa = PBXGroup;
			children = (
				7A46606C235E78C900EEE552 /* CrossReduxSOA_Services.framework */,
				7A297888235DEC6700B9619F /* ApiModule.framework */,
				7A29788A235DEC6700B9619F /* Common.framework */,
				7A29788C235DEC6700B9619F /* CrossReduxSOA_ApiModule.framework */,
				7A29788E235DEC6700B9619F /* CrossReduxSOA_Models.framework */,
				7A297890235DEC6700B9619F /* CrossReduxSOA_Reducers.framework */,
				7A297892235DEC6700B9619F /* CrossReduxSOA_ReduxStores.framework */,
				7A297894235DEC6700B9619F /* Redux.framework */,
				7A2DC0F5235D53AC007444E7 /* Common.framework */,
				7A2DC0F7235D53AC007444E7 /* Redux.framework */,
			);
			name = Frameworks;
			sourceTree = "<group>";
		};
		7AE6C52F235C8B4F009B2D78 /* Supporting Files */ = {
			isa = PBXGroup;
			children = (
				7A10B25D235C79B1004FF3B0 /* AppDelegate.swift */,
				7A10B25F235C79B1004FF3B0 /* SceneDelegate.swift */,
				7AE6C532235C8BB5009B2D78 /* Localizable.strings */,
				7A10B266235C79B4004FF3B0 /* Assets.xcassets */,
			);
			path = "Supporting Files";
			sourceTree = "<group>";
		};
/* End PBXGroup section */

/* Begin PBXNativeTarget section */
		7A10B259235C79B1004FF3B0 /* CrossReduxSOA.UI */ = {
			isa = PBXNativeTarget;
			buildConfigurationList = 7A10B284235C79B4004FF3B0 /* Build configuration list for PBXNativeTarget "CrossReduxSOA.UI" */;
			buildPhases = (
				7A10B256235C79B1004FF3B0 /* Sources */,
				7A10B257235C79B1004FF3B0 /* Frameworks */,
				7A10B258235C79B1004FF3B0 /* Resources */,
			);
			buildRules = (
			);
			dependencies = (
			);
			name = CrossReduxSOA.UI;
			packageProductDependencies = (
			);
			productName = CrossReduxSOA;
			productReference = 7A10B25A235C79B1004FF3B0 /* CrossReduxSOA.UI.app */;
			productType = "com.apple.product-type.application";
		};
		7A10B26F235C79B4004FF3B0 /* CrossReduxSOA.UITests */ = {
			isa = PBXNativeTarget;
			buildConfigurationList = 7A10B287235C79B4004FF3B0 /* Build configuration list for PBXNativeTarget "CrossReduxSOA.UITests" */;
			buildPhases = (
				7A10B26C235C79B4004FF3B0 /* Sources */,
				7A10B26D235C79B4004FF3B0 /* Frameworks */,
				7A10B26E235C79B4004FF3B0 /* Resources */,
			);
			buildRules = (
			);
			dependencies = (
				7A10B272235C79B4004FF3B0 /* PBXTargetDependency */,
			);
			name = CrossReduxSOA.UITests;
			packageProductDependencies = (
				7A36B1B2235C86AB0020B75F /* RxBlocking */,
				7A36B1B4235C86AB0020B75F /* RxTest */,
				7A36B1BE235C86BB0020B75F /* RxSwift */,
			);
			productName = CrossReduxSOATests;
			productReference = 7A10B270235C79B4004FF3B0 /* CrossReduxSOA.UITests.xctest */;
			productType = "com.apple.product-type.bundle.unit-test";
		};
		7A10B27A235C79B4004FF3B0 /* CrossReduxSOA.UIUITests */ = {
			isa = PBXNativeTarget;
			buildConfigurationList = 7A10B28A235C79B4004FF3B0 /* Build configuration list for PBXNativeTarget "CrossReduxSOA.UIUITests" */;
			buildPhases = (
				7A10B277235C79B4004FF3B0 /* Sources */,
				7A10B278235C79B4004FF3B0 /* Frameworks */,
				7A10B279235C79B4004FF3B0 /* Resources */,
			);
			buildRules = (
			);
			dependencies = (
				7A10B27D235C79B4004FF3B0 /* PBXTargetDependency */,
			);
			name = CrossReduxSOA.UIUITests;
			packageProductDependencies = (
				7A36B1B6235C86B00020B75F /* RxBlocking */,
				7A36B1B8235C86B00020B75F /* RxTest */,
				7A36B1BA235C86B60020B75F /* RxCocoa */,
				7A36B1BC235C86B60020B75F /* RxSwift */,
			);
			productName = CrossReduxSOAUITests;
			productReference = 7A10B27B235C79B4004FF3B0 /* CrossReduxSOA.UIUITests.xctest */;
			productType = "com.apple.product-type.bundle.ui-testing";
		};
/* End PBXNativeTarget section */

/* Begin PBXProject section */
		7A10B252235C79B1004FF3B0 /* Project object */ = {
			isa = PBXProject;
			attributes = {
				LastSwiftUpdateCheck = 1100;
				LastUpgradeCheck = 1100;
				ORGANIZATIONNAME = "Marius Ilie";
				TargetAttributes = {
					7A10B259235C79B1004FF3B0 = {
						CreatedOnToolsVersion = 11.0;
					};
					7A10B26F235C79B4004FF3B0 = {
						CreatedOnToolsVersion = 11.0;
						TestTargetID = 7A10B259235C79B1004FF3B0;
					};
					7A10B27A235C79B4004FF3B0 = {
						CreatedOnToolsVersion = 11.0;
						TestTargetID = 7A10B259235C79B1004FF3B0;
					};
				};
			};
			buildConfigurationList = 7A10B255235C79B1004FF3B0 /* Build configuration list for PBXProject "CrossReduxSOA.UI" */;
			compatibilityVersion = "Xcode 9.3";
			developmentRegion = en;
			hasScannedForEncodings = 0;
			knownRegions = (
				en,
				Base,
				ro,
			);
			mainGroup = 7A10B251235C79B1004FF3B0;
			packageReferences = (
				7A36B1A4235C83110020B75F /* XCRemoteSwiftPackageReference "RxSwift" */,
			);
			productRefGroup = 7A10B25B235C79B1004FF3B0 /* Products */;
			projectDirPath = "";
			projectRoot = "";
			targets = (
				7A10B259235C79B1004FF3B0 /* CrossReduxSOA.UI */,
				7A10B26F235C79B4004FF3B0 /* CrossReduxSOA.UITests */,
				7A10B27A235C79B4004FF3B0 /* CrossReduxSOA.UIUITests */,
			);
		};
/* End PBXProject section */

/* Begin PBXResourcesBuildPhase section */
		7A10B258235C79B1004FF3B0 /* Resources */ = {
			isa = PBXResourcesBuildPhase;
			buildActionMask = 2147483647;
			files = (
				7A10B26A235C79B4004FF3B0 /* LaunchScreen.storyboard in Resources */,
				7AE6C530235C8BB5009B2D78 /* Localizable.strings in Resources */,
				7A10B267235C79B4004FF3B0 /* Assets.xcassets in Resources */,
				7A10B265235C79B1004FF3B0 /* Main.storyboard in Resources */,
			);
			runOnlyForDeploymentPostprocessing = 0;
		};
		7A10B26E235C79B4004FF3B0 /* Resources */ = {
			isa = PBXResourcesBuildPhase;
			buildActionMask = 2147483647;
			files = (
			);
			runOnlyForDeploymentPostprocessing = 0;
		};
		7A10B279235C79B4004FF3B0 /* Resources */ = {
			isa = PBXResourcesBuildPhase;
			buildActionMask = 2147483647;
			files = (
			);
			runOnlyForDeploymentPostprocessing = 0;
		};
/* End PBXResourcesBuildPhase section */

/* Begin PBXSourcesBuildPhase section */
		7A10B256235C79B1004FF3B0 /* Sources */ = {
			isa = PBXSourcesBuildPhase;
			buildActionMask = 2147483647;
			files = (
				7A10B262235C79B1004FF3B0 /* HomeViewController.swift in Sources */,
				7A10B25E235C79B1004FF3B0 /* AppDelegate.swift in Sources */,
				7A36B1AE235C85280020B75F /* SharedHomeContent.swift in Sources */,
				7A10B28E235C7AB3004FF3B0 /* HomeView.swift in Sources */,
				7A10B260235C79B1004FF3B0 /* SceneDelegate.swift in Sources */,
			);
			runOnlyForDeploymentPostprocessing = 0;
		};
		7A10B26C235C79B4004FF3B0 /* Sources */ = {
			isa = PBXSourcesBuildPhase;
			buildActionMask = 2147483647;
			files = (
				7A10B275235C79B4004FF3B0 /* CrossReduxSOATests.swift in Sources */,
			);
			runOnlyForDeploymentPostprocessing = 0;
		};
		7A10B277235C79B4004FF3B0 /* Sources */ = {
			isa = PBXSourcesBuildPhase;
			buildActionMask = 2147483647;
			files = (
				7A10B280235C79B4004FF3B0 /* CrossReduxSOAUITests.swift in Sources */,
			);
			runOnlyForDeploymentPostprocessing = 0;
		};
/* End PBXSourcesBuildPhase section */

/* Begin PBXTargetDependency section */
		7A10B272235C79B4004FF3B0 /* PBXTargetDependency */ = {
			isa = PBXTargetDependency;
			target = 7A10B259235C79B1004FF3B0 /* CrossReduxSOA.UI */;
			targetProxy = 7A10B271235C79B4004FF3B0 /* PBXContainerItemProxy */;
		};
		7A10B27D235C79B4004FF3B0 /* PBXTargetDependency */ = {
			isa = PBXTargetDependency;
			target = 7A10B259235C79B1004FF3B0 /* CrossReduxSOA.UI */;
			targetProxy = 7A10B27C235C79B4004FF3B0 /* PBXContainerItemProxy */;
		};
/* End PBXTargetDependency section */

/* Begin PBXVariantGroup section */
		7A10B263235C79B1004FF3B0 /* Main.storyboard */ = {
			isa = PBXVariantGroup;
			children = (
				7A10B264235C79B1004FF3B0 /* Base */,
			);
			name = Main.storyboard;
			sourceTree = "<group>";
		};
		7A10B268235C79B4004FF3B0 /* LaunchScreen.storyboard */ = {
			isa = PBXVariantGroup;
			children = (
				7A10B269235C79B4004FF3B0 /* Base */,
			);
			name = LaunchScreen.storyboard;
			sourceTree = "<group>";
		};
		7AE6C532235C8BB5009B2D78 /* Localizable.strings */ = {
			isa = PBXVariantGroup;
			children = (
				7AE6C531235C8BB5009B2D78 /* en */,
				7AE6C533235C8BBE009B2D78 /* ro */,
			);
			name = Localizable.strings;
			sourceTree = "<group>";
		};
/* End PBXVariantGroup section */

/* Begin XCBuildConfiguration section */
		7A10B282235C79B4004FF3B0 /* Debug */ = {
			isa = XCBuildConfiguration;
			buildSettings = {
				ALWAYS_SEARCH_USER_PATHS = NO;
				CLANG_ANALYZER_LOCALIZABILITY_NONLOCALIZED = YES;
				CLANG_ANALYZER_NONNULL = YES;
				CLANG_ANALYZER_NUMBER_OBJECT_CONVERSION = YES_AGGRESSIVE;
				CLANG_CXX_LANGUAGE_STANDARD = "gnu++14";
				CLANG_CXX_LIBRARY = "libc++";
				CLANG_ENABLE_MODULES = YES;
				CLANG_ENABLE_OBJC_ARC = YES;
				CLANG_ENABLE_OBJC_WEAK = YES;
				CLANG_WARN_BLOCK_CAPTURE_AUTORELEASING = YES;
				CLANG_WARN_BOOL_CONVERSION = YES;
				CLANG_WARN_COMMA = YES;
				CLANG_WARN_CONSTANT_CONVERSION = YES;
				CLANG_WARN_DEPRECATED_OBJC_IMPLEMENTATIONS = YES;
				CLANG_WARN_DIRECT_OBJC_ISA_USAGE = YES_ERROR;
				CLANG_WARN_DOCUMENTATION_COMMENTS = YES;
				CLANG_WARN_EMPTY_BODY = YES;
				CLANG_WARN_ENUM_CONVERSION = YES;
				CLANG_WARN_INFINITE_RECURSION = YES;
				CLANG_WARN_INT_CONVERSION = YES;
				CLANG_WARN_NON_LITERAL_NULL_CONVERSION = YES;
				CLANG_WARN_OBJC_IMPLICIT_RETAIN_SELF = YES;
				CLANG_WARN_OBJC_LITERAL_CONVERSION = YES;
				CLANG_WARN_OBJC_ROOT_CLASS = YES_ERROR;
				CLANG_WARN_RANGE_LOOP_ANALYSIS = YES;
				CLANG_WARN_STRICT_PROTOTYPES = YES;
				CLANG_WARN_SUSPICIOUS_MOVE = YES;
				CLANG_WARN_UNGUARDED_AVAILABILITY = YES_AGGRESSIVE;
				CLANG_WARN_UNREACHABLE_CODE = YES;
				CLANG_WARN__DUPLICATE_METHOD_MATCH = YES;
				COPY_PHASE_STRIP = NO;
				DEBUG_INFORMATION_FORMAT = dwarf;
				ENABLE_STRICT_OBJC_MSGSEND = YES;
				ENABLE_TESTABILITY = YES;
				FRAMEWORK_SEARCH_PATHS = "$(SRCROOT)/../**";
				GCC_C_LANGUAGE_STANDARD = gnu11;
				GCC_DYNAMIC_NO_PIC = NO;
				GCC_NO_COMMON_BLOCKS = YES;
				GCC_OPTIMIZATION_LEVEL = 0;
				GCC_PREPROCESSOR_DEFINITIONS = (
					"DEBUG=1",
					"$(inherited)",
				);
				GCC_WARN_64_TO_32_BIT_CONVERSION = YES;
				GCC_WARN_ABOUT_RETURN_TYPE = YES_ERROR;
				GCC_WARN_UNDECLARED_SELECTOR = YES;
				GCC_WARN_UNINITIALIZED_AUTOS = YES_AGGRESSIVE;
				GCC_WARN_UNUSED_FUNCTION = YES;
				GCC_WARN_UNUSED_VARIABLE = YES;
				IPHONEOS_DEPLOYMENT_TARGET = 13.0;
				MTL_ENABLE_DEBUG_INFO = INCLUDE_SOURCE;
				MTL_FAST_MATH = YES;
				ONLY_ACTIVE_ARCH = YES;
				SDKROOT = iphoneos;
				SWIFT_ACTIVE_COMPILATION_CONDITIONS = DEBUG;
				SWIFT_OPTIMIZATION_LEVEL = "-Onone";
			};
			name = Debug;
		};
		7A10B283235C79B4004FF3B0 /* Release */ = {
			isa = XCBuildConfiguration;
			buildSettings = {
				ALWAYS_SEARCH_USER_PATHS = NO;
				CLANG_ANALYZER_LOCALIZABILITY_NONLOCALIZED = YES;
				CLANG_ANALYZER_NONNULL = YES;
				CLANG_ANALYZER_NUMBER_OBJECT_CONVERSION = YES_AGGRESSIVE;
				CLANG_CXX_LANGUAGE_STANDARD = "gnu++14";
				CLANG_CXX_LIBRARY = "libc++";
				CLANG_ENABLE_MODULES = YES;
				CLANG_ENABLE_OBJC_ARC = YES;
				CLANG_ENABLE_OBJC_WEAK = YES;
				CLANG_WARN_BLOCK_CAPTURE_AUTORELEASING = YES;
				CLANG_WARN_BOOL_CONVERSION = YES;
				CLANG_WARN_COMMA = YES;
				CLANG_WARN_CONSTANT_CONVERSION = YES;
				CLANG_WARN_DEPRECATED_OBJC_IMPLEMENTATIONS = YES;
				CLANG_WARN_DIRECT_OBJC_ISA_USAGE = YES_ERROR;
				CLANG_WARN_DOCUMENTATION_COMMENTS = YES;
				CLANG_WARN_EMPTY_BODY = YES;
				CLANG_WARN_ENUM_CONVERSION = YES;
				CLANG_WARN_INFINITE_RECURSION = YES;
				CLANG_WARN_INT_CONVERSION = YES;
				CLANG_WARN_NON_LITERAL_NULL_CONVERSION = YES;
				CLANG_WARN_OBJC_IMPLICIT_RETAIN_SELF = YES;
				CLANG_WARN_OBJC_LITERAL_CONVERSION = YES;
				CLANG_WARN_OBJC_ROOT_CLASS = YES_ERROR;
				CLANG_WARN_RANGE_LOOP_ANALYSIS = YES;
				CLANG_WARN_STRICT_PROTOTYPES = YES;
				CLANG_WARN_SUSPICIOUS_MOVE = YES;
				CLANG_WARN_UNGUARDED_AVAILABILITY = YES_AGGRESSIVE;
				CLANG_WARN_UNREACHABLE_CODE = YES;
				CLANG_WARN__DUPLICATE_METHOD_MATCH = YES;
				COPY_PHASE_STRIP = NO;
				DEBUG_INFORMATION_FORMAT = "dwarf-with-dsym";
				ENABLE_NS_ASSERTIONS = NO;
				ENABLE_STRICT_OBJC_MSGSEND = YES;
				FRAMEWORK_SEARCH_PATHS = "$(SRCROOT)/../**";
				GCC_C_LANGUAGE_STANDARD = gnu11;
				GCC_NO_COMMON_BLOCKS = YES;
				GCC_WARN_64_TO_32_BIT_CONVERSION = YES;
				GCC_WARN_ABOUT_RETURN_TYPE = YES_ERROR;
				GCC_WARN_UNDECLARED_SELECTOR = YES;
				GCC_WARN_UNINITIALIZED_AUTOS = YES_AGGRESSIVE;
				GCC_WARN_UNUSED_FUNCTION = YES;
				GCC_WARN_UNUSED_VARIABLE = YES;
				IPHONEOS_DEPLOYMENT_TARGET = 13.0;
				MTL_ENABLE_DEBUG_INFO = NO;
				MTL_FAST_MATH = YES;
				SDKROOT = iphoneos;
				SWIFT_COMPILATION_MODE = wholemodule;
				SWIFT_OPTIMIZATION_LEVEL = "-O";
				VALIDATE_PRODUCT = YES;
			};
			name = Release;
		};
		7A10B285235C79B4004FF3B0 /* Debug */ = {
			isa = XCBuildConfiguration;
			buildSettings = {
				ASSETCATALOG_COMPILER_APPICON_NAME = AppIcon;
				CODE_SIGN_STYLE = Automatic;
				DEVELOPMENT_TEAM = 2S2RSVRNML;
				ENABLE_BITCODE = YES;
				GCC_OPTIMIZATION_LEVEL = 0;
				INFOPLIST_FILE = CrossReduxSOA.UI/Info.plist;
				IPHONEOS_DEPLOYMENT_TARGET = 12.2;
				LD_RUNPATH_SEARCH_PATHS = (
					"$(inherited)",
					"@executable_path/Frameworks",
				);
				OTHER_LDFLAGS = (
					"-weak_framework",
					SwiftUI,
					"-weak_framework",
					Combine,
				);
				PRODUCT_BUNDLE_IDENTIFIER = ro.iliemarius.CrossReduxSOA;
				PRODUCT_NAME = "$(TARGET_NAME)";
				SWIFT_VERSION = 5.0;
				TARGETED_DEVICE_FAMILY = "1,2";
			};
			name = Debug;
		};
		7A10B286235C79B4004FF3B0 /* Release */ = {
			isa = XCBuildConfiguration;
			buildSettings = {
				ASSETCATALOG_COMPILER_APPICON_NAME = AppIcon;
				CODE_SIGN_STYLE = Automatic;
				DEVELOPMENT_TEAM = 2S2RSVRNML;
				ENABLE_BITCODE = YES;
				GCC_OPTIMIZATION_LEVEL = s;
				INFOPLIST_FILE = CrossReduxSOA.UI/Info.plist;
				IPHONEOS_DEPLOYMENT_TARGET = 12.2;
				LD_RUNPATH_SEARCH_PATHS = (
					"$(inherited)",
					"@executable_path/Frameworks",
				);
				OTHER_LDFLAGS = (
					"-weak_framework",
					SwiftUI,
					"-weak_framework",
					Combine,
				);
				PRODUCT_BUNDLE_IDENTIFIER = ro.iliemarius.CrossReduxSOA;
				PRODUCT_NAME = "$(TARGET_NAME)";
				SWIFT_OPTIMIZATION_LEVEL = "-O";
				SWIFT_VERSION = 5.0;
				TARGETED_DEVICE_FAMILY = "1,2";
			};
			name = Release;
		};
		7A10B288235C79B4004FF3B0 /* Debug */ = {
			isa = XCBuildConfiguration;
			buildSettings = {
				ALWAYS_EMBED_SWIFT_STANDARD_LIBRARIES = YES;
				BUNDLE_LOADER = "$(TEST_HOST)";
				CODE_SIGN_STYLE = Automatic;
				DEVELOPMENT_TEAM = 2S2RSVRNML;
				INFOPLIST_FILE = CrossReduxSOATests/Info.plist;
				IPHONEOS_DEPLOYMENT_TARGET = 13.0;
				LD_RUNPATH_SEARCH_PATHS = (
					"$(inherited)",
					"@executable_path/Frameworks",
					"@loader_path/Frameworks",
				);
				OTHER_LDFLAGS = (
					"-framework",
					XCTest,
				);
				PRODUCT_BUNDLE_IDENTIFIER = ro.iliemarius.CrossReduxSOATests;
				PRODUCT_NAME = "$(TARGET_NAME)";
				SWIFT_VERSION = 5.0;
				TARGETED_DEVICE_FAMILY = "1,2";
				TEST_HOST = "$(BUILT_PRODUCTS_DIR)/CrossReduxSOA.UI.app/CrossReduxSOA.UI";
			};
			name = Debug;
		};
		7A10B289235C79B4004FF3B0 /* Release */ = {
			isa = XCBuildConfiguration;
			buildSettings = {
				ALWAYS_EMBED_SWIFT_STANDARD_LIBRARIES = YES;
				BUNDLE_LOADER = "$(TEST_HOST)";
				CODE_SIGN_STYLE = Automatic;
				DEVELOPMENT_TEAM = 2S2RSVRNML;
				INFOPLIST_FILE = CrossReduxSOATests/Info.plist;
				IPHONEOS_DEPLOYMENT_TARGET = 13.0;
				LD_RUNPATH_SEARCH_PATHS = (
					"$(inherited)",
					"@executable_path/Frameworks",
					"@loader_path/Frameworks",
				);
				OTHER_LDFLAGS = (
					"-framework",
					XCTest,
				);
				PRODUCT_BUNDLE_IDENTIFIER = ro.iliemarius.CrossReduxSOATests;
				PRODUCT_NAME = "$(TARGET_NAME)";
				SWIFT_VERSION = 5.0;
				TARGETED_DEVICE_FAMILY = "1,2";
				TEST_HOST = "$(BUILT_PRODUCTS_DIR)/CrossReduxSOA.UI.app/CrossReduxSOA.UI";
			};
			name = Release;
		};
		7A10B28B235C79B4004FF3B0 /* Debug */ = {
			isa = XCBuildConfiguration;
			buildSettings = {
				ALWAYS_EMBED_SWIFT_STANDARD_LIBRARIES = YES;
				CODE_SIGN_STYLE = Automatic;
				DEVELOPMENT_TEAM = 2S2RSVRNML;
				INFOPLIST_FILE = CrossReduxSOAUITests/Info.plist;
				LD_RUNPATH_SEARCH_PATHS = (
					"$(inherited)",
					"@executable_path/Frameworks",
					"@loader_path/Frameworks",
				);
				OTHER_LDFLAGS = (
					"-framework",
					XCTest,
				);
				PRODUCT_BUNDLE_IDENTIFIER = ro.iliemarius.CrossReduxSOAUITests;
				PRODUCT_NAME = "$(TARGET_NAME)";
				SWIFT_VERSION = 5.0;
				TARGETED_DEVICE_FAMILY = "1,2";
				TEST_TARGET_NAME = CrossReduxSOA;
			};
			name = Debug;
		};
		7A10B28C235C79B4004FF3B0 /* Release */ = {
			isa = XCBuildConfiguration;
			buildSettings = {
				ALWAYS_EMBED_SWIFT_STANDARD_LIBRARIES = YES;
				CODE_SIGN_STYLE = Automatic;
				DEVELOPMENT_TEAM = 2S2RSVRNML;
				INFOPLIST_FILE = CrossReduxSOAUITests/Info.plist;
				LD_RUNPATH_SEARCH_PATHS = (
					"$(inherited)",
					"@executable_path/Frameworks",
					"@loader_path/Frameworks",
				);
				OTHER_LDFLAGS = (
					"-framework",
					XCTest,
				);
				PRODUCT_BUNDLE_IDENTIFIER = ro.iliemarius.CrossReduxSOAUITests;
				PRODUCT_NAME = "$(TARGET_NAME)";
				SWIFT_VERSION = 5.0;
				TARGETED_DEVICE_FAMILY = "1,2";
				TEST_TARGET_NAME = CrossReduxSOA;
			};
			name = Release;
		};
/* End XCBuildConfiguration section */

/* Begin XCConfigurationList section */
		7A10B255235C79B1004FF3B0 /* Build configuration list for PBXProject "CrossReduxSOA.UI" */ = {
			isa = XCConfigurationList;
			buildConfigurations = (
				7A10B282235C79B4004FF3B0 /* Debug */,
				7A10B283235C79B4004FF3B0 /* Release */,
			);
			defaultConfigurationIsVisible = 0;
			defaultConfigurationName = Release;
		};
		7A10B284235C79B4004FF3B0 /* Build configuration list for PBXNativeTarget "CrossReduxSOA.UI" */ = {
			isa = XCConfigurationList;
			buildConfigurations = (
				7A10B285235C79B4004FF3B0 /* Debug */,
				7A10B286235C79B4004FF3B0 /* Release */,
			);
			defaultConfigurationIsVisible = 0;
			defaultConfigurationName = Release;
		};
		7A10B287235C79B4004FF3B0 /* Build configuration list for PBXNativeTarget "CrossReduxSOA.UITests" */ = {
			isa = XCConfigurationList;
			buildConfigurations = (
				7A10B288235C79B4004FF3B0 /* Debug */,
				7A10B289235C79B4004FF3B0 /* Release */,
			);
			defaultConfigurationIsVisible = 0;
			defaultConfigurationName = Release;
		};
		7A10B28A235C79B4004FF3B0 /* Build configuration list for PBXNativeTarget "CrossReduxSOA.UIUITests" */ = {
			isa = XCConfigurationList;
			buildConfigurations = (
				7A10B28B235C79B4004FF3B0 /* Debug */,
				7A10B28C235C79B4004FF3B0 /* Release */,
			);
			defaultConfigurationIsVisible = 0;
			defaultConfigurationName = Release;
		};
/* End XCConfigurationList section */

/* Begin XCRemoteSwiftPackageReference section */
		7A36B1A4235C83110020B75F /* XCRemoteSwiftPackageReference "RxSwift" */ = {
			isa = XCRemoteSwiftPackageReference;
			repositoryURL = "https://github.com/ReactiveX/RxSwift.git";
			requirement = {
				kind = upToNextMajorVersion;
				minimumVersion = 5.0.1;
			};
		};
/* End XCRemoteSwiftPackageReference section */

/* Begin XCSwiftPackageProductDependency section */
		7A36B1B2235C86AB0020B75F /* RxBlocking */ = {
			isa = XCSwiftPackageProductDependency;
			package = 7A36B1A4235C83110020B75F /* XCRemoteSwiftPackageReference "RxSwift" */;
			productName = RxBlocking;
		};
		7A36B1B4235C86AB0020B75F /* RxTest */ = {
			isa = XCSwiftPackageProductDependency;
			package = 7A36B1A4235C83110020B75F /* XCRemoteSwiftPackageReference "RxSwift" */;
			productName = RxTest;
		};
		7A36B1B6235C86B00020B75F /* RxBlocking */ = {
			isa = XCSwiftPackageProductDependency;
			package = 7A36B1A4235C83110020B75F /* XCRemoteSwiftPackageReference "RxSwift" */;
			productName = RxBlocking;
		};
		7A36B1B8235C86B00020B75F /* RxTest */ = {
			isa = XCSwiftPackageProductDependency;
			package = 7A36B1A4235C83110020B75F /* XCRemoteSwiftPackageReference "RxSwift" */;
			productName = RxTest;
		};
		7A36B1BA235C86B60020B75F /* RxCocoa */ = {
			isa = XCSwiftPackageProductDependency;
			package = 7A36B1A4235C83110020B75F /* XCRemoteSwiftPackageReference "RxSwift" */;
			productName = RxCocoa;
		};
		7A36B1BC235C86B60020B75F /* RxSwift */ = {
			isa = XCSwiftPackageProductDependency;
			package = 7A36B1A4235C83110020B75F /* XCRemoteSwiftPackageReference "RxSwift" */;
			productName = RxSwift;
		};
		7A36B1BE235C86BB0020B75F /* RxSwift */ = {
			isa = XCSwiftPackageProductDependency;
			package = 7A36B1A4235C83110020B75F /* XCRemoteSwiftPackageReference "RxSwift" */;
			productName = RxSwift;
		};
/* End XCSwiftPackageProductDependency section */
	};
	rootObject = 7A10B252235C79B1004FF3B0 /* Project object */;
}
