// !$*UTF8*$!
{
	archiveVersion = 1;
	classes = {
	};
	objectVersion = 50;
	objects = {

/* Begin PBXBuildFile section */
		7A2DC115235D5881007444E7 /* CrossReduxSOA_ReduxStores.framework in Frameworks */ = {isa = PBXBuildFile; fileRef = 7A2DC10B235D5880007444E7 /* CrossReduxSOA_ReduxStores.framework */; };
		7A2DC11A235D5881007444E7 /* CrossReduxSOA_ReduxStoresTests.swift in Sources */ = {isa = PBXBuildFile; fileRef = 7A2DC119235D5881007444E7 /* CrossReduxSOA_ReduxStoresTests.swift */; };
		7A2DC11C235D5881007444E7 /* CrossReduxSOA_ReduxStores.h in Headers */ = {isa = PBXBuildFile; fileRef = 7A2DC10E235D5880007444E7 /* CrossReduxSOA_ReduxStores.h */; settings = {ATTRIBUTES = (Public, ); }; };
		7A2DC12D235D58EF007444E7 /* GithubStoreProvider.swift in Sources */ = {isa = PBXBuildFile; fileRef = 7A2DC125235D58A5007444E7 /* GithubStoreProvider.swift */; };
		7A2DC12E235D58EF007444E7 /* GithubStoreArchiver.swift in Sources */ = {isa = PBXBuildFile; fileRef = 7A2DC127235D58A5007444E7 /* GithubStoreArchiver.swift */; };
		7A2DC12F235D58EF007444E7 /* BaseGithubStore.swift in Sources */ = {isa = PBXBuildFile; fileRef = 7A2DC129235D58A5007444E7 /* BaseGithubStore.swift */; };
		7A2DC130235D58EF007444E7 /* GithubRxStore.swift in Sources */ = {isa = PBXBuildFile; fileRef = 7A2DC12A235D58A5007444E7 /* GithubRxStore.swift */; };
		7A2DC131235D58EF007444E7 /* GithubCombineStore.swift in Sources */ = {isa = PBXBuildFile; fileRef = 7A2DC12B235D58A5007444E7 /* GithubCombineStore.swift */; };
		7A4E37A0235F4D99006A3A18 /* GithubStateBuilder.swift in Sources */ = {isa = PBXBuildFile; fileRef = 7A4E379F235F4D99006A3A18 /* GithubStateBuilder.swift */; };
		7A566355235DD5AC002A93CB /* Common.framework in Frameworks */ = {isa = PBXBuildFile; fileRef = 7A566354235DD5AC002A93CB /* Common.framework */; };
		7A566357235DD5AC002A93CB /* CrossReduxSOA_Reducers.framework in Frameworks */ = {isa = PBXBuildFile; fileRef = 7A566356235DD5AC002A93CB /* CrossReduxSOA_Reducers.framework */; };
		7A566359235DD5AC002A93CB /* Redux.framework in Frameworks */ = {isa = PBXBuildFile; fileRef = 7A566358235DD5AC002A93CB /* Redux.framework */; };
		7A56635B235DD5BF002A93CB /* CrossReduxSOA_Models.framework in Frameworks */ = {isa = PBXBuildFile; fileRef = 7A56635A235DD5BF002A93CB /* CrossReduxSOA_Models.framework */; };
/* End PBXBuildFile section */

/* Begin PBXContainerItemProxy section */
		7A2DC116235D5881007444E7 /* PBXContainerItemProxy */ = {
			isa = PBXContainerItemProxy;
			containerPortal = 7A2DC102235D5880007444E7 /* Project object */;
			proxyType = 1;
			remoteGlobalIDString = 7A2DC10A235D5880007444E7;
			remoteInfo = CrossReduxSOA.ReduxStores;
		};
/* End PBXContainerItemProxy section */

/* Begin PBXFileReference section */
		7A2DC10B235D5880007444E7 /* CrossReduxSOA_ReduxStores.framework */ = {isa = PBXFileReference; explicitFileType = wrapper.framework; includeInIndex = 0; path = CrossReduxSOA_ReduxStores.framework; sourceTree = BUILT_PRODUCTS_DIR; };
		7A2DC10E235D5880007444E7 /* CrossReduxSOA_ReduxStores.h */ = {isa = PBXFileReference; lastKnownFileType = sourcecode.c.h; path = CrossReduxSOA_ReduxStores.h; sourceTree = "<group>"; };
		7A2DC10F235D5880007444E7 /* Info.plist */ = {isa = PBXFileReference; lastKnownFileType = text.plist.xml; path = Info.plist; sourceTree = "<group>"; };
		7A2DC114235D5881007444E7 /* CrossReduxSOA.ReduxStoresTests.xctest */ = {isa = PBXFileReference; explicitFileType = wrapper.cfbundle; includeInIndex = 0; path = CrossReduxSOA.ReduxStoresTests.xctest; sourceTree = BUILT_PRODUCTS_DIR; };
		7A2DC119235D5881007444E7 /* CrossReduxSOA_ReduxStoresTests.swift */ = {isa = PBXFileReference; lastKnownFileType = sourcecode.swift; path = CrossReduxSOA_ReduxStoresTests.swift; sourceTree = "<group>"; };
		7A2DC11B235D5881007444E7 /* Info.plist */ = {isa = PBXFileReference; lastKnownFileType = text.plist.xml; path = Info.plist; sourceTree = "<group>"; };
		7A2DC125235D58A5007444E7 /* GithubStoreProvider.swift */ = {isa = PBXFileReference; lastKnownFileType = sourcecode.swift; path = GithubStoreProvider.swift; sourceTree = "<group>"; };
		7A2DC127235D58A5007444E7 /* GithubStoreArchiver.swift */ = {isa = PBXFileReference; lastKnownFileType = sourcecode.swift; path = GithubStoreArchiver.swift; sourceTree = "<group>"; };
		7A2DC129235D58A5007444E7 /* BaseGithubStore.swift */ = {isa = PBXFileReference; lastKnownFileType = sourcecode.swift; path = BaseGithubStore.swift; sourceTree = "<group>"; };
		7A2DC12A235D58A5007444E7 /* GithubRxStore.swift */ = {isa = PBXFileReference; lastKnownFileType = sourcecode.swift; path = GithubRxStore.swift; sourceTree = "<group>"; };
		7A2DC12B235D58A5007444E7 /* GithubCombineStore.swift */ = {isa = PBXFileReference; lastKnownFileType = sourcecode.swift; path = GithubCombineStore.swift; sourceTree = "<group>"; };
		7A4E379F235F4D99006A3A18 /* GithubStateBuilder.swift */ = {isa = PBXFileReference; lastKnownFileType = sourcecode.swift; path = GithubStateBuilder.swift; sourceTree = "<group>"; };
		7A566354235DD5AC002A93CB /* Common.framework */ = {isa = PBXFileReference; explicitFileType = wrapper.framework; path = Common.framework; sourceTree = BUILT_PRODUCTS_DIR; };
		7A566356235DD5AC002A93CB /* CrossReduxSOA_Reducers.framework */ = {isa = PBXFileReference; explicitFileType = wrapper.framework; path = CrossReduxSOA_Reducers.framework; sourceTree = BUILT_PRODUCTS_DIR; };
		7A566358235DD5AC002A93CB /* Redux.framework */ = {isa = PBXFileReference; explicitFileType = wrapper.framework; path = Redux.framework; sourceTree = BUILT_PRODUCTS_DIR; };
		7A56635A235DD5BF002A93CB /* CrossReduxSOA_Models.framework */ = {isa = PBXFileReference; explicitFileType = wrapper.framework; path = CrossReduxSOA_Models.framework; sourceTree = BUILT_PRODUCTS_DIR; };
		7AEB2297235D6E300017F9F0 /* Redux.framework */ = {isa = PBXFileReference; explicitFileType = wrapper.framework; path = Redux.framework; sourceTree = BUILT_PRODUCTS_DIR; };
		7AEB2299235D6E480017F9F0 /* ApiModule.framework */ = {isa = PBXFileReference; explicitFileType = wrapper.framework; path = ApiModule.framework; sourceTree = BUILT_PRODUCTS_DIR; };
		7AEB229B235D6E600017F9F0 /* Redux.framework */ = {isa = PBXFileReference; explicitFileType = wrapper.framework; path = Redux.framework; sourceTree = BUILT_PRODUCTS_DIR; };
/* End PBXFileReference section */

/* Begin PBXFrameworksBuildPhase section */
		7A2DC108235D5880007444E7 /* Frameworks */ = {
			isa = PBXFrameworksBuildPhase;
			buildActionMask = 2147483647;
			files = (
				7A56635B235DD5BF002A93CB /* CrossReduxSOA_Models.framework in Frameworks */,
				7A566355235DD5AC002A93CB /* Common.framework in Frameworks */,
				7A566357235DD5AC002A93CB /* CrossReduxSOA_Reducers.framework in Frameworks */,
				7A566359235DD5AC002A93CB /* Redux.framework in Frameworks */,
			);
			runOnlyForDeploymentPostprocessing = 0;
		};
		7A2DC111235D5881007444E7 /* Frameworks */ = {
			isa = PBXFrameworksBuildPhase;
			buildActionMask = 2147483647;
			files = (
				7A2DC115235D5881007444E7 /* CrossReduxSOA_ReduxStores.framework in Frameworks */,
			);
			runOnlyForDeploymentPostprocessing = 0;
		};
/* End PBXFrameworksBuildPhase section */

/* Begin PBXGroup section */
		7A2DC101235D5880007444E7 = {
			isa = PBXGroup;
			children = (
				7A2DC10D235D5880007444E7 /* CrossReduxSOA.ReduxStores */,
				7A2DC118235D5881007444E7 /* CrossReduxSOA.ReduxStoresTests */,
				7A2DC10C235D5880007444E7 /* Products */,
				7AEB2296235D6E300017F9F0 /* Frameworks */,
			);
			sourceTree = "<group>";
		};
		7A2DC10C235D5880007444E7 /* Products */ = {
			isa = PBXGroup;
			children = (
				7A2DC10B235D5880007444E7 /* CrossReduxSOA_ReduxStores.framework */,
				7A2DC114235D5881007444E7 /* CrossReduxSOA.ReduxStoresTests.xctest */,
			);
			name = Products;
			sourceTree = "<group>";
		};
		7A2DC10D235D5880007444E7 /* CrossReduxSOA.ReduxStores */ = {
			isa = PBXGroup;
			children = (
				7A4E379E235F4D87006A3A18 /* Builders */,
				7A2DC12C235D58A5007444E7 /* GithubStore */,
				7A2DC10E235D5880007444E7 /* CrossReduxSOA_ReduxStores.h */,
				7A2DC10F235D5880007444E7 /* Info.plist */,
			);
			path = CrossReduxSOA.ReduxStores;
			sourceTree = "<group>";
		};
		7A2DC118235D5881007444E7 /* CrossReduxSOA.ReduxStoresTests */ = {
			isa = PBXGroup;
			children = (
				7A2DC119235D5881007444E7 /* CrossReduxSOA_ReduxStoresTests.swift */,
				7A2DC11B235D5881007444E7 /* Info.plist */,
			);
			path = CrossReduxSOA.ReduxStoresTests;
			sourceTree = "<group>";
		};
		7A2DC126235D58A5007444E7 /* Provider */ = {
			isa = PBXGroup;
			children = (
				7A2DC125235D58A5007444E7 /* GithubStoreProvider.swift */,
			);
			path = Provider;
			sourceTree = "<group>";
		};
		7A2DC128235D58A5007444E7 /* Archiver */ = {
			isa = PBXGroup;
			children = (
				7A2DC127235D58A5007444E7 /* GithubStoreArchiver.swift */,
			);
			path = Archiver;
			sourceTree = "<group>";
		};
		7A2DC12C235D58A5007444E7 /* GithubStore */ = {
			isa = PBXGroup;
			children = (
				7A2DC126235D58A5007444E7 /* Provider */,
				7A2DC128235D58A5007444E7 /* Archiver */,
				7A2DC129235D58A5007444E7 /* BaseGithubStore.swift */,
				7A2DC12A235D58A5007444E7 /* GithubRxStore.swift */,
				7A2DC12B235D58A5007444E7 /* GithubCombineStore.swift */,
			);
			path = GithubStore;
			sourceTree = "<group>";
		};
		7A4E379E235F4D87006A3A18 /* Builders */ = {
			isa = PBXGroup;
			children = (
				7A4E379F235F4D99006A3A18 /* GithubStateBuilder.swift */,
			);
			path = Builders;
			sourceTree = "<group>";
		};
		7AEB2296235D6E300017F9F0 /* Frameworks */ = {
			isa = PBXGroup;
			children = (
				7A56635A235DD5BF002A93CB /* CrossReduxSOA_Models.framework */,
				7A566354235DD5AC002A93CB /* Common.framework */,
				7A566356235DD5AC002A93CB /* CrossReduxSOA_Reducers.framework */,
				7A566358235DD5AC002A93CB /* Redux.framework */,
				7AEB229B235D6E600017F9F0 /* Redux.framework */,
				7AEB2299235D6E480017F9F0 /* ApiModule.framework */,
				7AEB2297235D6E300017F9F0 /* Redux.framework */,
			);
			name = Frameworks;
			sourceTree = "<group>";
		};
/* End PBXGroup section */

/* Begin PBXHeadersBuildPhase section */
		7A2DC106235D5880007444E7 /* Headers */ = {
			isa = PBXHeadersBuildPhase;
			buildActionMask = 2147483647;
			files = (
				7A2DC11C235D5881007444E7 /* CrossReduxSOA_ReduxStores.h in Headers */,
			);
			runOnlyForDeploymentPostprocessing = 0;
		};
/* End PBXHeadersBuildPhase section */

/* Begin PBXNativeTarget section */
		7A2DC10A235D5880007444E7 /* CrossReduxSOA.ReduxStores */ = {
			isa = PBXNativeTarget;
			buildConfigurationList = 7A2DC11F235D5881007444E7 /* Build configuration list for PBXNativeTarget "CrossReduxSOA.ReduxStores" */;
			buildPhases = (
				7A2DC106235D5880007444E7 /* Headers */,
				7A2DC107235D5880007444E7 /* Sources */,
				7A2DC108235D5880007444E7 /* Frameworks */,
				7A2DC109235D5880007444E7 /* Resources */,
			);
			buildRules = (
			);
			dependencies = (
			);
			name = CrossReduxSOA.ReduxStores;
			productName = CrossReduxSOA.ReduxStores;
			productReference = 7A2DC10B235D5880007444E7 /* CrossReduxSOA_ReduxStores.framework */;
			productType = "com.apple.product-type.framework";
		};
		7A2DC113235D5881007444E7 /* CrossReduxSOA.ReduxStoresTests */ = {
			isa = PBXNativeTarget;
			buildConfigurationList = 7A2DC122235D5881007444E7 /* Build configuration list for PBXNativeTarget "CrossReduxSOA.ReduxStoresTests" */;
			buildPhases = (
				7A2DC110235D5881007444E7 /* Sources */,
				7A2DC111235D5881007444E7 /* Frameworks */,
				7A2DC112235D5881007444E7 /* Resources */,
			);
			buildRules = (
			);
			dependencies = (
				7A2DC117235D5881007444E7 /* PBXTargetDependency */,
			);
			name = CrossReduxSOA.ReduxStoresTests;
			productName = CrossReduxSOA.ReduxStoresTests;
			productReference = 7A2DC114235D5881007444E7 /* CrossReduxSOA.ReduxStoresTests.xctest */;
			productType = "com.apple.product-type.bundle.unit-test";
		};
/* End PBXNativeTarget section */

/* Begin PBXProject section */
		7A2DC102235D5880007444E7 /* Project object */ = {
			isa = PBXProject;
			attributes = {
				LastSwiftUpdateCheck = 1100;
				LastUpgradeCheck = 1100;
				ORGANIZATIONNAME = "Marius Ilie";
				TargetAttributes = {
					7A2DC10A235D5880007444E7 = {
						CreatedOnToolsVersion = 11.0;
					};
					7A2DC113235D5881007444E7 = {
						CreatedOnToolsVersion = 11.0;
					};
				};
			};
			buildConfigurationList = 7A2DC105235D5880007444E7 /* Build configuration list for PBXProject "CrossReduxSOA.ReduxStores" */;
			compatibilityVersion = "Xcode 9.3";
			developmentRegion = en;
			hasScannedForEncodings = 0;
			knownRegions = (
				en,
				Base,
			);
			mainGroup = 7A2DC101235D5880007444E7;
			productRefGroup = 7A2DC10C235D5880007444E7 /* Products */;
			projectDirPath = "";
			projectRoot = "";
			targets = (
				7A2DC10A235D5880007444E7 /* CrossReduxSOA.ReduxStores */,
				7A2DC113235D5881007444E7 /* CrossReduxSOA.ReduxStoresTests */,
			);
		};
/* End PBXProject section */

/* Begin PBXResourcesBuildPhase section */
		7A2DC109235D5880007444E7 /* Resources */ = {
			isa = PBXResourcesBuildPhase;
			buildActionMask = 2147483647;
			files = (
			);
			runOnlyForDeploymentPostprocessing = 0;
		};
		7A2DC112235D5881007444E7 /* Resources */ = {
			isa = PBXResourcesBuildPhase;
			buildActionMask = 2147483647;
			files = (
			);
			runOnlyForDeploymentPostprocessing = 0;
		};
/* End PBXResourcesBuildPhase section */

/* Begin PBXSourcesBuildPhase section */
		7A2DC107235D5880007444E7 /* Sources */ = {
			isa = PBXSourcesBuildPhase;
			buildActionMask = 2147483647;
			files = (
				7A2DC12D235D58EF007444E7 /* GithubStoreProvider.swift in Sources */,
				7A4E37A0235F4D99006A3A18 /* GithubStateBuilder.swift in Sources */,
				7A2DC12E235D58EF007444E7 /* GithubStoreArchiver.swift in Sources */,
				7A2DC12F235D58EF007444E7 /* BaseGithubStore.swift in Sources */,
				7A2DC130235D58EF007444E7 /* GithubRxStore.swift in Sources */,
				7A2DC131235D58EF007444E7 /* GithubCombineStore.swift in Sources */,
			);
			runOnlyForDeploymentPostprocessing = 0;
		};
		7A2DC110235D5881007444E7 /* Sources */ = {
			isa = PBXSourcesBuildPhase;
			buildActionMask = 2147483647;
			files = (
				7A2DC11A235D5881007444E7 /* CrossReduxSOA_ReduxStoresTests.swift in Sources */,
			);
			runOnlyForDeploymentPostprocessing = 0;
		};
/* End PBXSourcesBuildPhase section */

/* Begin PBXTargetDependency section */
		7A2DC117235D5881007444E7 /* PBXTargetDependency */ = {
			isa = PBXTargetDependency;
			target = 7A2DC10A235D5880007444E7 /* CrossReduxSOA.ReduxStores */;
			targetProxy = 7A2DC116235D5881007444E7 /* PBXContainerItemProxy */;
		};
/* End PBXTargetDependency section */

/* Begin XCBuildConfiguration section */
		7A2DC11D235D5881007444E7 /* Debug */ = {
			isa = XCBuildConfiguration;
			buildSettings = {
				ALWAYS_SEARCH_USER_PATHS = NO;
				CLANG_ANALYZER_NONNULL = YES;
				CLANG_ANALYZER_NUMBER_OBJECT_CONVERSION = YES_AGGRESSIVE;
				CLANG_CXX_LANGUAGE_STANDARD = "gnu++14";
				CLANG_CXX_LIBRARY = "libc++";
				CLANG_ENABLE_MODULES = YES;
				CLANG_ENABLE_OBJC_ARC = YES;
				CLANG_ENABLE_OBJC_WEAK = YES;
				CLANG_WARN_BLOCK_CAPTURE_AUTORELEASING = YES;
				CLANG_WARN_BOOL_CONVERSION = YES;
				CLANG_WARN_COMMA = YES;
				CLANG_WARN_CONSTANT_CONVERSION = YES;
				CLANG_WARN_DEPRECATED_OBJC_IMPLEMENTATIONS = YES;
				CLANG_WARN_DIRECT_OBJC_ISA_USAGE = YES_ERROR;
				CLANG_WARN_DOCUMENTATION_COMMENTS = YES;
				CLANG_WARN_EMPTY_BODY = YES;
				CLANG_WARN_ENUM_CONVERSION = YES;
				CLANG_WARN_INFINITE_RECURSION = YES;
				CLANG_WARN_INT_CONVERSION = YES;
				CLANG_WARN_NON_LITERAL_NULL_CONVERSION = YES;
				CLANG_WARN_OBJC_IMPLICIT_RETAIN_SELF = YES;
				CLANG_WARN_OBJC_LITERAL_CONVERSION = YES;
				CLANG_WARN_OBJC_ROOT_CLASS = YES_ERROR;
				CLANG_WARN_RANGE_LOOP_ANALYSIS = YES;
				CLANG_WARN_STRICT_PROTOTYPES = YES;
				CLANG_WARN_SUSPICIOUS_MOVE = YES;
				CLANG_WARN_UNGUARDED_AVAILABILITY = YES_AGGRESSIVE;
				CLANG_WARN_UNREACHABLE_CODE = YES;
				CLANG_WARN__DUPLICATE_METHOD_MATCH = YES;
				COPY_PHASE_STRIP = NO;
				CURRENT_PROJECT_VERSION = 1;
				DEBUG_INFORMATION_FORMAT = dwarf;
				ENABLE_STRICT_OBJC_MSGSEND = YES;
				ENABLE_TESTABILITY = YES;
				GCC_C_LANGUAGE_STANDARD = gnu11;
				GCC_DYNAMIC_NO_PIC = NO;
				GCC_NO_COMMON_BLOCKS = YES;
				GCC_OPTIMIZATION_LEVEL = 0;
				GCC_PREPROCESSOR_DEFINITIONS = (
					"DEBUG=1",
					"$(inherited)",
				);
				GCC_WARN_64_TO_32_BIT_CONVERSION = YES;
				GCC_WARN_ABOUT_RETURN_TYPE = YES_ERROR;
				GCC_WARN_UNDECLARED_SELECTOR = YES;
				GCC_WARN_UNINITIALIZED_AUTOS = YES_AGGRESSIVE;
				GCC_WARN_UNUSED_FUNCTION = YES;
				GCC_WARN_UNUSED_VARIABLE = YES;
				IPHONEOS_DEPLOYMENT_TARGET = 13.0;
				MTL_ENABLE_DEBUG_INFO = INCLUDE_SOURCE;
				MTL_FAST_MATH = YES;
				ONLY_ACTIVE_ARCH = YES;
				SDKROOT = iphoneos;
				SWIFT_ACTIVE_COMPILATION_CONDITIONS = DEBUG;
				SWIFT_OPTIMIZATION_LEVEL = "-Onone";
				VERSIONING_SYSTEM = "apple-generic";
				VERSION_INFO_PREFIX = "";
			};
			name = Debug;
		};
		7A2DC11E235D5881007444E7 /* Release */ = {
			isa = XCBuildConfiguration;
			buildSettings = {
				ALWAYS_SEARCH_USER_PATHS = NO;
				CLANG_ANALYZER_NONNULL = YES;
				CLANG_ANALYZER_NUMBER_OBJECT_CONVERSION = YES_AGGRESSIVE;
				CLANG_CXX_LANGUAGE_STANDARD = "gnu++14";
				CLANG_CXX_LIBRARY = "libc++";
				CLANG_ENABLE_MODULES = YES;
				CLANG_ENABLE_OBJC_ARC = YES;
				CLANG_ENABLE_OBJC_WEAK = YES;
				CLANG_WARN_BLOCK_CAPTURE_AUTORELEASING = YES;
				CLANG_WARN_BOOL_CONVERSION = YES;
				CLANG_WARN_COMMA = YES;
				CLANG_WARN_CONSTANT_CONVERSION = YES;
				CLANG_WARN_DEPRECATED_OBJC_IMPLEMENTATIONS = YES;
				CLANG_WARN_DIRECT_OBJC_ISA_USAGE = YES_ERROR;
				CLANG_WARN_DOCUMENTATION_COMMENTS = YES;
				CLANG_WARN_EMPTY_BODY = YES;
				CLANG_WARN_ENUM_CONVERSION = YES;
				CLANG_WARN_INFINITE_RECURSION = YES;
				CLANG_WARN_INT_CONVERSION = YES;
				CLANG_WARN_NON_LITERAL_NULL_CONVERSION = YES;
				CLANG_WARN_OBJC_IMPLICIT_RETAIN_SELF = YES;
				CLANG_WARN_OBJC_LITERAL_CONVERSION = YES;
				CLANG_WARN_OBJC_ROOT_CLASS = YES_ERROR;
				CLANG_WARN_RANGE_LOOP_ANALYSIS = YES;
				CLANG_WARN_STRICT_PROTOTYPES = YES;
				CLANG_WARN_SUSPICIOUS_MOVE = YES;
				CLANG_WARN_UNGUARDED_AVAILABILITY = YES_AGGRESSIVE;
				CLANG_WARN_UNREACHABLE_CODE = YES;
				CLANG_WARN__DUPLICATE_METHOD_MATCH = YES;
				COPY_PHASE_STRIP = NO;
				CURRENT_PROJECT_VERSION = 1;
				DEBUG_INFORMATION_FORMAT = "dwarf-with-dsym";
				ENABLE_NS_ASSERTIONS = NO;
				ENABLE_STRICT_OBJC_MSGSEND = YES;
				GCC_C_LANGUAGE_STANDARD = gnu11;
				GCC_NO_COMMON_BLOCKS = YES;
				GCC_WARN_64_TO_32_BIT_CONVERSION = YES;
				GCC_WARN_ABOUT_RETURN_TYPE = YES_ERROR;
				GCC_WARN_UNDECLARED_SELECTOR = YES;
				GCC_WARN_UNINITIALIZED_AUTOS = YES_AGGRESSIVE;
				GCC_WARN_UNUSED_FUNCTION = YES;
				GCC_WARN_UNUSED_VARIABLE = YES;
				IPHONEOS_DEPLOYMENT_TARGET = 13.0;
				MTL_ENABLE_DEBUG_INFO = NO;
				MTL_FAST_MATH = YES;
				SDKROOT = iphoneos;
				SWIFT_COMPILATION_MODE = wholemodule;
				SWIFT_OPTIMIZATION_LEVEL = "-O";
				VALIDATE_PRODUCT = YES;
				VERSIONING_SYSTEM = "apple-generic";
				VERSION_INFO_PREFIX = "";
			};
			name = Release;
		};
		7A2DC120235D5881007444E7 /* Debug */ = {
			isa = XCBuildConfiguration;
			buildSettings = {
				CODE_SIGN_STYLE = Automatic;
				DEFINES_MODULE = YES;
				DEVELOPMENT_TEAM = 2S2RSVRNML;
				DYLIB_COMPATIBILITY_VERSION = 1;
				DYLIB_CURRENT_VERSION = 1;
				DYLIB_INSTALL_NAME_BASE = "@rpath";
				FRAMEWORK_SEARCH_PATHS = "$(SRCROOT)/../**";
				INFOPLIST_FILE = CrossReduxSOA.ReduxStores/Info.plist;
				INSTALL_PATH = "$(LOCAL_LIBRARY_DIR)/Frameworks";
				IPHONEOS_DEPLOYMENT_TARGET = 12.2;
				LD_RUNPATH_SEARCH_PATHS = (
					"$(inherited)",
					"@executable_path/Frameworks",
					"@loader_path/Frameworks",
				);
				PRODUCT_BUNDLE_IDENTIFIER = "ro.iliemarius.CrossReduxSOA-ReduxStores";
				PRODUCT_NAME = "$(TARGET_NAME:c99extidentifier)";
				SKIP_INSTALL = YES;
				SWIFT_VERSION = 5.0;
				TARGETED_DEVICE_FAMILY = "1,2";
			};
			name = Debug;
		};
		7A2DC121235D5881007444E7 /* Release */ = {
			isa = XCBuildConfiguration;
			buildSettings = {
				CODE_SIGN_STYLE = Automatic;
				DEFINES_MODULE = YES;
				DEVELOPMENT_TEAM = 2S2RSVRNML;
				DYLIB_COMPATIBILITY_VERSION = 1;
				DYLIB_CURRENT_VERSION = 1;
				DYLIB_INSTALL_NAME_BASE = "@rpath";
				FRAMEWORK_SEARCH_PATHS = "$(SRCROOT)/../**";
				INFOPLIST_FILE = CrossReduxSOA.ReduxStores/Info.plist;
				INSTALL_PATH = "$(LOCAL_LIBRARY_DIR)/Frameworks";
				IPHONEOS_DEPLOYMENT_TARGET = 12.2;
				LD_RUNPATH_SEARCH_PATHS = (
					"$(inherited)",
					"@executable_path/Frameworks",
					"@loader_path/Frameworks",
				);
				PRODUCT_BUNDLE_IDENTIFIER = "ro.iliemarius.CrossReduxSOA-ReduxStores";
				PRODUCT_NAME = "$(TARGET_NAME:c99extidentifier)";
				SKIP_INSTALL = YES;
				SWIFT_VERSION = 5.0;
				TARGETED_DEVICE_FAMILY = "1,2";
			};
			name = Release;
		};
		7A2DC123235D5881007444E7 /* Debug */ = {
			isa = XCBuildConfiguration;
			buildSettings = {
				ALWAYS_EMBED_SWIFT_STANDARD_LIBRARIES = YES;
				CODE_SIGN_STYLE = Automatic;
				DEVELOPMENT_TEAM = 2S2RSVRNML;
				FRAMEWORK_SEARCH_PATHS = "$(SRCROOT)/../";
				INFOPLIST_FILE = CrossReduxSOA.ReduxStoresTests/Info.plist;
				LD_RUNPATH_SEARCH_PATHS = (
					"$(inherited)",
					"@executable_path/Frameworks",
					"@loader_path/Frameworks",
				);
				PRODUCT_BUNDLE_IDENTIFIER = "ro.iliemarius.CrossReduxSOA-ReduxStoresTests";
				PRODUCT_NAME = "$(TARGET_NAME)";
				SWIFT_VERSION = 5.0;
				TARGETED_DEVICE_FAMILY = "1,2";
			};
			name = Debug;
		};
		7A2DC124235D5881007444E7 /* Release */ = {
			isa = XCBuildConfiguration;
			buildSettings = {
				ALWAYS_EMBED_SWIFT_STANDARD_LIBRARIES = YES;
				CODE_SIGN_STYLE = Automatic;
				DEVELOPMENT_TEAM = 2S2RSVRNML;
				FRAMEWORK_SEARCH_PATHS = "$(SRCROOT)/../";
				INFOPLIST_FILE = CrossReduxSOA.ReduxStoresTests/Info.plist;
				LD_RUNPATH_SEARCH_PATHS = (
					"$(inherited)",
					"@executable_path/Frameworks",
					"@loader_path/Frameworks",
				);
				PRODUCT_BUNDLE_IDENTIFIER = "ro.iliemarius.CrossReduxSOA-ReduxStoresTests";
				PRODUCT_NAME = "$(TARGET_NAME)";
				SWIFT_VERSION = 5.0;
				TARGETED_DEVICE_FAMILY = "1,2";
			};
			name = Release;
		};
/* End XCBuildConfiguration section */

/* Begin XCConfigurationList section */
		7A2DC105235D5880007444E7 /* Build configuration list for PBXProject "CrossReduxSOA.ReduxStores" */ = {
			isa = XCConfigurationList;
			buildConfigurations = (
				7A2DC11D235D5881007444E7 /* Debug */,
				7A2DC11E235D5881007444E7 /* Release */,
			);
			defaultConfigurationIsVisible = 0;
			defaultConfigurationName = Release;
		};
		7A2DC11F235D5881007444E7 /* Build configuration list for PBXNativeTarget "CrossReduxSOA.ReduxStores" */ = {
			isa = XCConfigurationList;
			buildConfigurations = (
				7A2DC120235D5881007444E7 /* Debug */,
				7A2DC121235D5881007444E7 /* Release */,
			);
			defaultConfigurationIsVisible = 0;
			defaultConfigurationName = Release;
		};
		7A2DC122235D5881007444E7 /* Build configuration list for PBXNativeTarget "CrossReduxSOA.ReduxStoresTests" */ = {
			isa = XCConfigurationList;
			buildConfigurations = (
				7A2DC123235D5881007444E7 /* Debug */,
				7A2DC124235D5881007444E7 /* Release */,
			);
			defaultConfigurationIsVisible = 0;
			defaultConfigurationName = Release;
		};
/* End XCConfigurationList section */
	};
	rootObject = 7A2DC102235D5880007444E7 /* Project object */;
}
